{
  "nodes": {
    "flakeNimbleLib": {
      "inputs": {
        "nixpkgs": [
          "nixpkgs"
        ]
      },
      "locked": {
        "lastModified": 1662018438,
        "narHash": "sha256-QtNtU6+LX3Wokxf0zlFwKTFOcn6TeDjKQZ+DA9OYtvM=",
        "owner": "riinr",
        "repo": "nim-flakes-lib",
        "rev": "b1fe8340736e3a85d25c709ac3dfd82a55c03cbf",
        "type": "github"
      },
      "original": {
        "owner": "riinr",
        "ref": "master",
        "repo": "nim-flakes-lib",
        "type": "github"
      }
    },
    "nixpkgs": {
      "locked": {
        "lastModified": 1667085676,
        "narHash": "sha256-jPHYYoSdrV3ypWG4oi9SUeI2MU6dLjxM88+9io5Rrx0=",
        "owner": "NixOS",
        "repo": "nixpkgs",
        "rev": "e6e6bad81b7e11f37d893ef39712ce8918ae2338",
        "type": "github"
      },
      "original": {
        "id": "nixpkgs",
        "type": "indirect"
      }
    },
    "root": {
      "inputs": {
        "flakeNimbleLib": "flakeNimbleLib",
        "nixpkgs": "nixpkgs",
        "src-crc32-master": "src-crc32-master"
      }
    },
    "src-crc32-master": {
      "flake": false,
      "locked": {
        "lastModified": 1665405205,
        "narHash": "sha256-0u1MFK5v0aKT46BHHm+iEyguYKvD36yun0YNvGXP83w=",
        "owner": "juancarlospaco",
        "repo": "nim-crc32",
        "rev": "73dcdc937522e7b84ab7ab74ddfcdeff273305ab",
        "type": "github"
      },
      "original": {
        "owner": "juancarlospaco",
        "ref": "refs/heads/master",
        "repo": "nim-crc32",
        "type": "github"
      }
    }
  },
  "root": "root",
  "version": 7
}
